
Microsoft Visual Studio Solution File, Format Version 10.00
# Visual Studio 2008
Project("{FAE04EC0-301F-11D3-BF4B-00C04F79EFBC}") = "thialgou", "app\thialgou.csproj", "{2E726C03-6EA0-496A-BDDF-432513E7CE3F}"
	ProjectSection(ProjectDependencies) = postProject
		{5C23B105-7DEC-40A8-86B8-612F117880E9} = {5C23B105-7DEC-40A8-86B8-612F117880E9}
		{A6D8CD24-50A8-4A4E-933F-068455618088} = {A6D8CD24-50A8-4A4E-933F-068455618088}
		{B5A41B2B-EB61-4783-B685-9A179C66ABFA} = {B5A41B2B-EB61-4783-B685-9A179C66ABFA}
		{E2B9B66A-CD35-466B-BB35-0D1FBBE55EE6} = {E2B9B66A-CD35-466B-BB35-0D1FBBE55EE6}
		{20CF5C7A-6423-4AB9-B498-4B436ADA5578} = {20CF5C7A-6423-4AB9-B498-4B436ADA5578}
		{82257DCF-2D80-412C-8416-128CE791E930} = {82257DCF-2D80-412C-8416-128CE791E930}
	EndProjectSection
EndProject
Project("{FAE04EC0-301F-11D3-BF4B-00C04F79EFBC}") = "controls", "controls\controls.csproj", "{597DCADA-6283-4E06-AB14-420BF2DF8BBC}"
	ProjectSection(ProjectDependencies) = postProject
		{5C23B105-7DEC-40A8-86B8-612F117880E9} = {5C23B105-7DEC-40A8-86B8-612F117880E9}
		{023BDF0D-60DF-4494-B157-58FC5B146071} = {023BDF0D-60DF-4494-B157-58FC5B146071}
		{A6D8CD24-50A8-4A4E-933F-068455618088} = {A6D8CD24-50A8-4A4E-933F-068455618088}
		{B5A41B2B-EB61-4783-B685-9A179C66ABFA} = {B5A41B2B-EB61-4783-B685-9A179C66ABFA}
		{E2B9B66A-CD35-466B-BB35-0D1FBBE55EE6} = {E2B9B66A-CD35-466B-BB35-0D1FBBE55EE6}
		{20CF5C7A-6423-4AB9-B498-4B436ADA5578} = {20CF5C7A-6423-4AB9-B498-4B436ADA5578}
		{82257DCF-2D80-412C-8416-128CE791E930} = {82257DCF-2D80-412C-8416-128CE791E930}
	EndProjectSection
EndProject
Project("{FAE04EC0-301F-11D3-BF4B-00C04F79EFBC}") = "lib", "lib\lib.csproj", "{447B3260-F05D-4C54-AC97-1AB6C2D265D4}"
	ProjectSection(ProjectDependencies) = postProject
		{5C23B105-7DEC-40A8-86B8-612F117880E9} = {5C23B105-7DEC-40A8-86B8-612F117880E9}
		{A6D8CD24-50A8-4A4E-933F-068455618088} = {A6D8CD24-50A8-4A4E-933F-068455618088}
		{B5A41B2B-EB61-4783-B685-9A179C66ABFA} = {B5A41B2B-EB61-4783-B685-9A179C66ABFA}
		{E2B9B66A-CD35-466B-BB35-0D1FBBE55EE6} = {E2B9B66A-CD35-466B-BB35-0D1FBBE55EE6}
		{82257DCF-2D80-412C-8416-128CE791E930} = {82257DCF-2D80-412C-8416-128CE791E930}
	EndProjectSection
EndProject
Project("{2150E333-8FDC-42A3-9474-1A3956D46DE8}") = "App", "App", "{16AAA6E0-6DD9-4FA9-8F0A-7AA466954AFD}"
EndProject
Project("{2150E333-8FDC-42A3-9474-1A3956D46DE8}") = "JVSM", "JVSM", "{8B3B7664-15A0-4C52-88D3-D25DB7F9C666}"
EndProject
Project("{8BC9CEB8-8B4A-11D0-8D11-00A0C91BC942}") = "H264AVCCommonLibStatic", "jsvm\JSVM\H264Extension\src\lib\H264AVCCommonLib\H264AVCCommonLibStatic_vc9.vcproj", "{5C23B105-7DEC-40A8-86B8-612F117880E9}"
	ProjectSection(ProjectDependencies) = postProject
		{A6D8CD24-50A8-4A4E-933F-068455618088} = {A6D8CD24-50A8-4A4E-933F-068455618088}
	EndProjectSection
EndProject
Project("{8BC9CEB8-8B4A-11D0-8D11-00A0C91BC942}") = "H264AVCDecoderLibStatic", "jsvm\JSVM\H264Extension\src\lib\H264AVCDecoderLib\H264AVCDecoderLibStatic_vc9.vcproj", "{E2B9B66A-CD35-466B-BB35-0D1FBBE55EE6}"
	ProjectSection(ProjectDependencies) = postProject
		{5C23B105-7DEC-40A8-86B8-612F117880E9} = {5C23B105-7DEC-40A8-86B8-612F117880E9}
		{A6D8CD24-50A8-4A4E-933F-068455618088} = {A6D8CD24-50A8-4A4E-933F-068455618088}
	EndProjectSection
EndProject
Project("{8BC9CEB8-8B4A-11D0-8D11-00A0C91BC942}") = "H264AVCVideoIoLibStatic", "jsvm\JSVM\H264Extension\src\lib\H264AVCVideoIoLib\H264AVCVideoIoLibStatic_vc9.vcproj", "{82257DCF-2D80-412C-8416-128CE791E930}"
	ProjectSection(ProjectDependencies) = postProject
		{5C23B105-7DEC-40A8-86B8-612F117880E9} = {5C23B105-7DEC-40A8-86B8-612F117880E9}
	EndProjectSection
EndProject
Project("{FAE04EC0-301F-11D3-BF4B-00C04F79EFBC}") = "io_csharp", "io_csharp\io_csharp.csproj", "{20CF5C7A-6423-4AB9-B498-4B436ADA5578}"
	ProjectSection(ProjectDependencies) = postProject
		{A6D8CD24-50A8-4A4E-933F-068455618088} = {A6D8CD24-50A8-4A4E-933F-068455618088}
		{B5A41B2B-EB61-4783-B685-9A179C66ABFA} = {B5A41B2B-EB61-4783-B685-9A179C66ABFA}
	EndProjectSection
EndProject
Project("{2150E333-8FDC-42A3-9474-1A3956D46DE8}") = "ui", "ui", "{B3B5A129-5BEC-4439-AB62-6BD0DBB6567B}"
EndProject
Project("{2150E333-8FDC-42A3-9474-1A3956D46DE8}") = "libs", "libs", "{B8A8CA7C-8B67-4CE4-96FD-AE203D7E3CCD}"
EndProject
Project("{FAE04EC0-301F-11D3-BF4B-00C04F79EFBC}") = "common_csharp", "common_csharp\common_csharp.csproj", "{023BDF0D-60DF-4494-B157-58FC5B146071}"
	ProjectSection(ProjectDependencies) = postProject
		{A6D8CD24-50A8-4A4E-933F-068455618088} = {A6D8CD24-50A8-4A4E-933F-068455618088}
	EndProjectSection
EndProject
Project("{8BC9CEB8-8B4A-11D0-8D11-00A0C91BC942}") = "ioWRAP", "io\ioWRAP.vcproj", "{B5A41B2B-EB61-4783-B685-9A179C66ABFA}"
	ProjectSection(ProjectDependencies) = postProject
		{A6D8CD24-50A8-4A4E-933F-068455618088} = {A6D8CD24-50A8-4A4E-933F-068455618088}
	EndProjectSection
EndProject
Project("{8BC9CEB8-8B4A-11D0-8D11-00A0C91BC942}") = "commonWRAP", "common\commonWRAP.vcproj", "{A6D8CD24-50A8-4A4E-933F-068455618088}"
EndProject
Global
	GlobalSection(SolutionConfigurationPlatforms) = preSolution
		Debug|Any CPU = Debug|Any CPU
		Debug|Mixed Platforms = Debug|Mixed Platforms
		Debug|Win32 = Debug|Win32
		Debug|x64 = Debug|x64
		Release|Any CPU = Release|Any CPU
		Release|Mixed Platforms = Release|Mixed Platforms
		Release|Win32 = Release|Win32
		Release|x64 = Release|x64
	EndGlobalSection
	GlobalSection(ProjectConfigurationPlatforms) = postSolution
		{2E726C03-6EA0-496A-BDDF-432513E7CE3F}.Debug|Any CPU.ActiveCfg = Debug|Any CPU
		{2E726C03-6EA0-496A-BDDF-432513E7CE3F}.Debug|Any CPU.Build.0 = Debug|Any CPU
		{2E726C03-6EA0-496A-BDDF-432513E7CE3F}.Debug|Mixed Platforms.ActiveCfg = Debug|Any CPU
		{2E726C03-6EA0-496A-BDDF-432513E7CE3F}.Debug|Mixed Platforms.Build.0 = Debug|Any CPU
		{2E726C03-6EA0-496A-BDDF-432513E7CE3F}.Debug|Win32.ActiveCfg = Debug|x86
		{2E726C03-6EA0-496A-BDDF-432513E7CE3F}.Debug|Win32.Build.0 = Debug|x86
		{2E726C03-6EA0-496A-BDDF-432513E7CE3F}.Debug|x64.ActiveCfg = Debug|x64
		{2E726C03-6EA0-496A-BDDF-432513E7CE3F}.Debug|x64.Build.0 = Debug|x64
		{2E726C03-6EA0-496A-BDDF-432513E7CE3F}.Release|Any CPU.ActiveCfg = Release|Any CPU
		{2E726C03-6EA0-496A-BDDF-432513E7CE3F}.Release|Any CPU.Build.0 = Release|Any CPU
		{2E726C03-6EA0-496A-BDDF-432513E7CE3F}.Release|Mixed Platforms.ActiveCfg = Release|Any CPU
		{2E726C03-6EA0-496A-BDDF-432513E7CE3F}.Release|Mixed Platforms.Build.0 = Release|Any CPU
		{2E726C03-6EA0-496A-BDDF-432513E7CE3F}.Release|Win32.ActiveCfg = Release|Any CPU
		{2E726C03-6EA0-496A-BDDF-432513E7CE3F}.Release|x64.ActiveCfg = Release|x64
		{597DCADA-6283-4E06-AB14-420BF2DF8BBC}.Debug|Any CPU.ActiveCfg = Debug|Any CPU
		{597DCADA-6283-4E06-AB14-420BF2DF8BBC}.Debug|Any CPU.Build.0 = Debug|Any CPU
		{597DCADA-6283-4E06-AB14-420BF2DF8BBC}.Debug|Mixed Platforms.ActiveCfg = Debug|Any CPU
		{597DCADA-6283-4E06-AB14-420BF2DF8BBC}.Debug|Mixed Platforms.Build.0 = Debug|Any CPU
		{597DCADA-6283-4E06-AB14-420BF2DF8BBC}.Debug|Win32.ActiveCfg = Debug|x86
		{597DCADA-6283-4E06-AB14-420BF2DF8BBC}.Debug|Win32.Build.0 = Debug|x86
		{597DCADA-6283-4E06-AB14-420BF2DF8BBC}.Debug|x64.ActiveCfg = Debug|x64
		{597DCADA-6283-4E06-AB14-420BF2DF8BBC}.Debug|x64.Build.0 = Debug|x64
		{597DCADA-6283-4E06-AB14-420BF2DF8BBC}.Release|Any CPU.ActiveCfg = Release|Any CPU
		{597DCADA-6283-4E06-AB14-420BF2DF8BBC}.Release|Any CPU.Build.0 = Release|Any CPU
		{597DCADA-6283-4E06-AB14-420BF2DF8BBC}.Release|Mixed Platforms.ActiveCfg = Release|Any CPU
		{597DCADA-6283-4E06-AB14-420BF2DF8BBC}.Release|Mixed Platforms.Build.0 = Release|Any CPU
		{597DCADA-6283-4E06-AB14-420BF2DF8BBC}.Release|Win32.ActiveCfg = Release|Any CPU
		{597DCADA-6283-4E06-AB14-420BF2DF8BBC}.Release|x64.ActiveCfg = Release|x64
		{447B3260-F05D-4C54-AC97-1AB6C2D265D4}.Debug|Any CPU.ActiveCfg = Debug|Any CPU
		{447B3260-F05D-4C54-AC97-1AB6C2D265D4}.Debug|Any CPU.Build.0 = Debug|Any CPU
		{447B3260-F05D-4C54-AC97-1AB6C2D265D4}.Debug|Mixed Platforms.ActiveCfg = Debug|Any CPU
		{447B3260-F05D-4C54-AC97-1AB6C2D265D4}.Debug|Mixed Platforms.Build.0 = Debug|Any CPU
		{447B3260-F05D-4C54-AC97-1AB6C2D265D4}.Debug|Win32.ActiveCfg = Debug|x86
		{447B3260-F05D-4C54-AC97-1AB6C2D265D4}.Debug|Win32.Build.0 = Debug|x86
		{447B3260-F05D-4C54-AC97-1AB6C2D265D4}.Debug|x64.ActiveCfg = Debug|x64
		{447B3260-F05D-4C54-AC97-1AB6C2D265D4}.Debug|x64.Build.0 = Debug|x64
		{447B3260-F05D-4C54-AC97-1AB6C2D265D4}.Release|Any CPU.ActiveCfg = Release|Any CPU
		{447B3260-F05D-4C54-AC97-1AB6C2D265D4}.Release|Any CPU.Build.0 = Release|Any CPU
		{447B3260-F05D-4C54-AC97-1AB6C2D265D4}.Release|Mixed Platforms.ActiveCfg = Release|Any CPU
		{447B3260-F05D-4C54-AC97-1AB6C2D265D4}.Release|Mixed Platforms.Build.0 = Release|Any CPU
		{447B3260-F05D-4C54-AC97-1AB6C2D265D4}.Release|Win32.ActiveCfg = Release|Any CPU
		{447B3260-F05D-4C54-AC97-1AB6C2D265D4}.Release|x64.ActiveCfg = Release|x64
		{5C23B105-7DEC-40A8-86B8-612F117880E9}.Debug|Any CPU.ActiveCfg = Debug|Win32
		{5C23B105-7DEC-40A8-86B8-612F117880E9}.Debug|Mixed Platforms.ActiveCfg = Debug|Win32
		{5C23B105-7DEC-40A8-86B8-612F117880E9}.Debug|Mixed Platforms.Build.0 = Debug|Win32
		{5C23B105-7DEC-40A8-86B8-612F117880E9}.Debug|Win32.ActiveCfg = Debug|Win32
		{5C23B105-7DEC-40A8-86B8-612F117880E9}.Debug|Win32.Build.0 = Debug|Win32
		{5C23B105-7DEC-40A8-86B8-612F117880E9}.Debug|x64.ActiveCfg = Debug|x64
		{5C23B105-7DEC-40A8-86B8-612F117880E9}.Debug|x64.Build.0 = Debug|x64
		{5C23B105-7DEC-40A8-86B8-612F117880E9}.Release|Any CPU.ActiveCfg = Release|Win32
		{5C23B105-7DEC-40A8-86B8-612F117880E9}.Release|Mixed Platforms.ActiveCfg = Release|Win32
		{5C23B105-7DEC-40A8-86B8-612F117880E9}.Release|Mixed Platforms.Build.0 = Release|Win32
		{5C23B105-7DEC-40A8-86B8-612F117880E9}.Release|Win32.ActiveCfg = Release|Win32
		{5C23B105-7DEC-40A8-86B8-612F117880E9}.Release|Win32.Build.0 = Release|Win32
		{5C23B105-7DEC-40A8-86B8-612F117880E9}.Release|x64.ActiveCfg = Release|x64
		{5C23B105-7DEC-40A8-86B8-612F117880E9}.Release|x64.Build.0 = Release|x64
		{E2B9B66A-CD35-466B-BB35-0D1FBBE55EE6}.Debug|Any CPU.ActiveCfg = Debug|Win32
		{E2B9B66A-CD35-466B-BB35-0D1FBBE55EE6}.Debug|Mixed Platforms.ActiveCfg = Debug|Win32
		{E2B9B66A-CD35-466B-BB35-0D1FBBE55EE6}.Debug|Mixed Platforms.Build.0 = Debug|Win32
		{E2B9B66A-CD35-466B-BB35-0D1FBBE55EE6}.Debug|Win32.ActiveCfg = Debug|Win32
		{E2B9B66A-CD35-466B-BB35-0D1FBBE55EE6}.Debug|Win32.Build.0 = Debug|Win32
		{E2B9B66A-CD35-466B-BB35-0D1FBBE55EE6}.Debug|x64.ActiveCfg = Debug|x64
		{E2B9B66A-CD35-466B-BB35-0D1FBBE55EE6}.Debug|x64.Build.0 = Debug|x64
		{E2B9B66A-CD35-466B-BB35-0D1FBBE55EE6}.Release|Any CPU.ActiveCfg = Release|Win32
		{E2B9B66A-CD35-466B-BB35-0D1FBBE55EE6}.Release|Mixed Platforms.ActiveCfg = Release|Win32
		{E2B9B66A-CD35-466B-BB35-0D1FBBE55EE6}.Release|Mixed Platforms.Build.0 = Release|Win32
		{E2B9B66A-CD35-466B-BB35-0D1FBBE55EE6}.Release|Win32.ActiveCfg = Release|Win32
		{E2B9B66A-CD35-466B-BB35-0D1FBBE55EE6}.Release|Win32.Build.0 = Release|Win32
		{E2B9B66A-CD35-466B-BB35-0D1FBBE55EE6}.Release|x64.ActiveCfg = Release|x64
		{E2B9B66A-CD35-466B-BB35-0D1FBBE55EE6}.Release|x64.Build.0 = Release|x64
		{82257DCF-2D80-412C-8416-128CE791E930}.Debug|Any CPU.ActiveCfg = Debug|Win32
		{82257DCF-2D80-412C-8416-128CE791E930}.Debug|Mixed Platforms.ActiveCfg = Debug|Win32
		{82257DCF-2D80-412C-8416-128CE791E930}.Debug|Mixed Platforms.Build.0 = Debug|Win32
		{82257DCF-2D80-412C-8416-128CE791E930}.Debug|Win32.ActiveCfg = Debug|Win32
		{82257DCF-2D80-412C-8416-128CE791E930}.Debug|Win32.Build.0 = Debug|Win32
		{82257DCF-2D80-412C-8416-128CE791E930}.Debug|x64.ActiveCfg = Debug|x64
		{82257DCF-2D80-412C-8416-128CE791E930}.Debug|x64.Build.0 = Debug|x64
		{82257DCF-2D80-412C-8416-128CE791E930}.Release|Any CPU.ActiveCfg = Release|Win32
		{82257DCF-2D80-412C-8416-128CE791E930}.Release|Mixed Platforms.ActiveCfg = Release|Win32
		{82257DCF-2D80-412C-8416-128CE791E930}.Release|Mixed Platforms.Build.0 = Release|Win32
		{82257DCF-2D80-412C-8416-128CE791E930}.Release|Win32.ActiveCfg = Release|Win32
		{82257DCF-2D80-412C-8416-128CE791E930}.Release|Win32.Build.0 = Release|Win32
		{82257DCF-2D80-412C-8416-128CE791E930}.Release|x64.ActiveCfg = Release|x64
		{82257DCF-2D80-412C-8416-128CE791E930}.Release|x64.Build.0 = Release|x64
		{20CF5C7A-6423-4AB9-B498-4B436ADA5578}.Debug|Any CPU.ActiveCfg = Debug|Any CPU
		{20CF5C7A-6423-4AB9-B498-4B436ADA5578}.Debug|Any CPU.Build.0 = Debug|Any CPU
		{20CF5C7A-6423-4AB9-B498-4B436ADA5578}.Debug|Mixed Platforms.ActiveCfg = Debug|Any CPU
		{20CF5C7A-6423-4AB9-B498-4B436ADA5578}.Debug|Mixed Platforms.Build.0 = Debug|Any CPU
		{20CF5C7A-6423-4AB9-B498-4B436ADA5578}.Debug|Win32.ActiveCfg = Debug|x86
		{20CF5C7A-6423-4AB9-B498-4B436ADA5578}.Debug|Win32.Build.0 = Debug|x86
		{20CF5C7A-6423-4AB9-B498-4B436ADA5578}.Debug|x64.ActiveCfg = Debug|x64
		{20CF5C7A-6423-4AB9-B498-4B436ADA5578}.Debug|x64.Build.0 = Debug|x64
		{20CF5C7A-6423-4AB9-B498-4B436ADA5578}.Release|Any CPU.ActiveCfg = Release|Any CPU
		{20CF5C7A-6423-4AB9-B498-4B436ADA5578}.Release|Any CPU.Build.0 = Release|Any CPU
		{20CF5C7A-6423-4AB9-B498-4B436ADA5578}.Release|Mixed Platforms.ActiveCfg = Release|Any CPU
		{20CF5C7A-6423-4AB9-B498-4B436ADA5578}.Release|Mixed Platforms.Build.0 = Release|Any CPU
		{20CF5C7A-6423-4AB9-B498-4B436ADA5578}.Release|Win32.ActiveCfg = Release|Any CPU
		{20CF5C7A-6423-4AB9-B498-4B436ADA5578}.Release|x64.ActiveCfg = Release|x64
		{023BDF0D-60DF-4494-B157-58FC5B146071}.Debug|Any CPU.ActiveCfg = Debug|Any CPU
		{023BDF0D-60DF-4494-B157-58FC5B146071}.Debug|Any CPU.Build.0 = Debug|Any CPU
		{023BDF0D-60DF-4494-B157-58FC5B146071}.Debug|Mixed Platforms.ActiveCfg = Debug|Any CPU
		{023BDF0D-60DF-4494-B157-58FC5B146071}.Debug|Mixed Platforms.Build.0 = Debug|Any CPU
		{023BDF0D-60DF-4494-B157-58FC5B146071}.Debug|Win32.ActiveCfg = Debug|x86
		{023BDF0D-60DF-4494-B157-58FC5B146071}.Debug|Win32.Build.0 = Debug|x86
		{023BDF0D-60DF-4494-B157-58FC5B146071}.Debug|x64.ActiveCfg = Debug|x64
		{023BDF0D-60DF-4494-B157-58FC5B146071}.Debug|x64.Build.0 = Debug|x64
		{023BDF0D-60DF-4494-B157-58FC5B146071}.Release|Any CPU.ActiveCfg = Release|Any CPU
		{023BDF0D-60DF-4494-B157-58FC5B146071}.Release|Any CPU.Build.0 = Release|Any CPU
		{023BDF0D-60DF-4494-B157-58FC5B146071}.Release|Mixed Platforms.ActiveCfg = Release|Any CPU
		{023BDF0D-60DF-4494-B157-58FC5B146071}.Release|Mixed Platforms.Build.0 = Release|Any CPU
		{023BDF0D-60DF-4494-B157-58FC5B146071}.Release|Win32.ActiveCfg = Release|Any CPU
		{023BDF0D-60DF-4494-B157-58FC5B146071}.Release|x64.ActiveCfg = Release|x64
		{B5A41B2B-EB61-4783-B685-9A179C66ABFA}.Debug|Any CPU.ActiveCfg = Debug|Win32
		{B5A41B2B-EB61-4783-B685-9A179C66ABFA}.Debug|Mixed Platforms.ActiveCfg = Debug|Win32
		{B5A41B2B-EB61-4783-B685-9A179C66ABFA}.Debug|Mixed Platforms.Build.0 = Debug|Win32
		{B5A41B2B-EB61-4783-B685-9A179C66ABFA}.Debug|Win32.ActiveCfg = Debug|Win32
		{B5A41B2B-EB61-4783-B685-9A179C66ABFA}.Debug|Win32.Build.0 = Debug|Win32
		{B5A41B2B-EB61-4783-B685-9A179C66ABFA}.Debug|x64.ActiveCfg = Debug|x64
		{B5A41B2B-EB61-4783-B685-9A179C66ABFA}.Debug|x64.Build.0 = Debug|x64
		{B5A41B2B-EB61-4783-B685-9A179C66ABFA}.Release|Any CPU.ActiveCfg = Release|Win32
		{B5A41B2B-EB61-4783-B685-9A179C66ABFA}.Release|Mixed Platforms.ActiveCfg = Release|Win32
		{B5A41B2B-EB61-4783-B685-9A179C66ABFA}.Release|Mixed Platforms.Build.0 = Release|Win32
		{B5A41B2B-EB61-4783-B685-9A179C66ABFA}.Release|Win32.ActiveCfg = Release|Win32
		{B5A41B2B-EB61-4783-B685-9A179C66ABFA}.Release|Win32.Build.0 = Release|Win32
		{B5A41B2B-EB61-4783-B685-9A179C66ABFA}.Release|x64.ActiveCfg = Release|x64
		{B5A41B2B-EB61-4783-B685-9A179C66ABFA}.Release|x64.Build.0 = Release|x64
		{A6D8CD24-50A8-4A4E-933F-068455618088}.Debug|Any CPU.ActiveCfg = Debug|Win32
		{A6D8CD24-50A8-4A4E-933F-068455618088}.Debug|Mixed Platforms.ActiveCfg = Debug|Win32
		{A6D8CD24-50A8-4A4E-933F-068455618088}.Debug|Mixed Platforms.Build.0 = Debug|Win32
		{A6D8CD24-50A8-4A4E-933F-068455618088}.Debug|Win32.ActiveCfg = Debug|Win32
		{A6D8CD24-50A8-4A4E-933F-068455618088}.Debug|Win32.Build.0 = Debug|Win32
		{A6D8CD24-50A8-4A4E-933F-068455618088}.Debug|x64.ActiveCfg = Debug|x64
		{A6D8CD24-50A8-4A4E-933F-068455618088}.Debug|x64.Build.0 = Debug|x64
		{A6D8CD24-50A8-4A4E-933F-068455618088}.Release|Any CPU.ActiveCfg = Release|Win32
		{A6D8CD24-50A8-4A4E-933F-068455618088}.Release|Mixed Platforms.ActiveCfg = Release|Win32
		{A6D8CD24-50A8-4A4E-933F-068455618088}.Release|Mixed Platforms.Build.0 = Release|Win32
		{A6D8CD24-50A8-4A4E-933F-068455618088}.Release|Win32.ActiveCfg = Release|Win32
		{A6D8CD24-50A8-4A4E-933F-068455618088}.Release|Win32.Build.0 = Release|Win32
		{A6D8CD24-50A8-4A4E-933F-068455618088}.Release|x64.ActiveCfg = Release|x64
		{A6D8CD24-50A8-4A4E-933F-068455618088}.Release|x64.Build.0 = Release|x64
	EndGlobalSection
	GlobalSection(SolutionProperties) = preSolution
		HideSolutionNode = FALSE
	EndGlobalSection
	GlobalSection(NestedProjects) = preSolution
		{B3B5A129-5BEC-4439-AB62-6BD0DBB6567B} = {16AAA6E0-6DD9-4FA9-8F0A-7AA466954AFD}
		{B8A8CA7C-8B67-4CE4-96FD-AE203D7E3CCD} = {16AAA6E0-6DD9-4FA9-8F0A-7AA466954AFD}
		{2E726C03-6EA0-496A-BDDF-432513E7CE3F} = {B3B5A129-5BEC-4439-AB62-6BD0DBB6567B}
		{597DCADA-6283-4E06-AB14-420BF2DF8BBC} = {B3B5A129-5BEC-4439-AB62-6BD0DBB6567B}
		{20CF5C7A-6423-4AB9-B498-4B436ADA5578} = {B8A8CA7C-8B67-4CE4-96FD-AE203D7E3CCD}
		{447B3260-F05D-4C54-AC97-1AB6C2D265D4} = {B8A8CA7C-8B67-4CE4-96FD-AE203D7E3CCD}
		{023BDF0D-60DF-4494-B157-58FC5B146071} = {B8A8CA7C-8B67-4CE4-96FD-AE203D7E3CCD}
		{B5A41B2B-EB61-4783-B685-9A179C66ABFA} = {B8A8CA7C-8B67-4CE4-96FD-AE203D7E3CCD}
		{A6D8CD24-50A8-4A4E-933F-068455618088} = {B8A8CA7C-8B67-4CE4-96FD-AE203D7E3CCD}
		{5C23B105-7DEC-40A8-86B8-612F117880E9} = {8B3B7664-15A0-4C52-88D3-D25DB7F9C666}
		{E2B9B66A-CD35-466B-BB35-0D1FBBE55EE6} = {8B3B7664-15A0-4C52-88D3-D25DB7F9C666}
		{82257DCF-2D80-412C-8416-128CE791E930} = {8B3B7664-15A0-4C52-88D3-D25DB7F9C666}
	EndGlobalSection
EndGlobal
